
Microsoft Visual Studio Solution File, Format Version 12.00
# Visual Studio Version 17
VisualStudioVersion = 17.5.33424.131
MinimumVisualStudioVersion = 10.0.40219.1
Project("{FAE04EC0-301F-11D3-BF4B-00C04F79EFBC}") = "Week7_FA", "Week7_FA.csproj", "{CA612547-83D9-4091-BBF5-0AE084FE82A3}"
EndProject
Global
	GlobalSection(SolutionConfigurationPlatforms) = preSolution
		Debug|Any CPU = Debug|Any CPU
		Release|Any CPU = Release|Any CPU
	EndGlobalSection
	GlobalSection(ProjectConfigurationPlatforms) = postSolution
		{CA612547-83D9-4091-BBF5-0AE084FE82A3}.Debug|Any CPU.ActiveCfg = Debug|Any CPU
		{CA612547-83D9-4091-BBF5-0AE084FE82A3}.Debug|Any CPU.Build.0 = Debug|Any CPU
		{CA612547-83D9-4091-BBF5-0AE084FE82A3}.Release|Any CPU.ActiveCfg = Release|Any CPU
		{CA612547-83D9-4091-BBF5-0AE084FE82A3}.Release|Any CPU.Build.0 = Release|Any CPU
	EndGlobalSection
	GlobalSection(SolutionProperties) = preSolution
		HideSolutionNode = FALSE
	EndGlobalSection
	GlobalSection(ExtensibilityGlobals) = postSolution
		SolutionGuid = {4E412CD3-E450-44CD-898C-D678D4808C9B}
	EndGlobalSection
EndGlobal
